
Microsoft Visual Studio Solution File, Format Version 12.00
# Visual Studio Version 17
VisualStudioVersion = 17.5.33516.290
MinimumVisualStudioVersion = 10.0.40219.1
Project("{FAE04EC0-301F-11D3-BF4B-00C04F79EFBC}") = "iCreateTikTok", "iCreateTikTok\iCreateTikTok.csproj", "{FEE76DC2-A111-440C-9B10-7E9D00E076DE}"
EndProject
Global
	GlobalSection(SolutionConfigurationPlatforms) = preSolution
		Debug|Any CPU = Debug|Any CPU
		Release|Any CPU = Release|Any CPU
	EndGlobalSection
	GlobalSection(ProjectConfigurationPlatforms) = postSolution
		{FEE76DC2-A111-440C-9B10-7E9D00E076DE}.Debug|Any CPU.ActiveCfg = Debug|Any CPU
		{FEE76DC2-A111-440C-9B10-7E9D00E076DE}.Debug|Any CPU.Build.0 = Debug|Any CPU
		{FEE76DC2-A111-440C-9B10-7E9D00E076DE}.Release|Any CPU.ActiveCfg = Release|Any CPU
		{FEE76DC2-A111-440C-9B10-7E9D00E076DE}.Release|Any CPU.Build.0 = Release|Any CPU
	EndGlobalSection
	GlobalSection(SolutionProperties) = preSolution
		HideSolutionNode = FALSE
	EndGlobalSection
	GlobalSection(ExtensibilityGlobals) = postSolution
		SolutionGuid = {9A7DE210-30AC-451E-AFD3-877A5DAED22F}
	EndGlobalSection
EndGlobal
